
Microsoft Visual Studio Solution File, Format Version 12.00
# Visual Studio Version 17
VisualStudioVersion = 17.14.36511.14 d17.14
MinimumVisualStudioVersion = 10.0.40219.1
Project("{FAE04EC0-301F-11D3-BF4B-00C04F79EFBC}") = "NEU25G_Databases_Labb2", "NEU25G_Databases_Labb2\NEU25G_Databases_Labb2.csproj", "{FCE4CE63-C786-464F-BA75-778DAC4AC7D9}"
EndProject
Global
	GlobalSection(SolutionConfigurationPlatforms) = preSolution
		Debug|Any CPU = Debug|Any CPU
		Release|Any CPU = Release|Any CPU
	EndGlobalSection
	GlobalSection(ProjectConfigurationPlatforms) = postSolution
		{FCE4CE63-C786-464F-BA75-778DAC4AC7D9}.Debug|Any CPU.ActiveCfg = Debug|Any CPU
		{FCE4CE63-C786-464F-BA75-778DAC4AC7D9}.Debug|Any CPU.Build.0 = Debug|Any CPU
		{FCE4CE63-C786-464F-BA75-778DAC4AC7D9}.Release|Any CPU.ActiveCfg = Release|Any CPU
		{FCE4CE63-C786-464F-BA75-778DAC4AC7D9}.Release|Any CPU.Build.0 = Release|Any CPU
	EndGlobalSection
	GlobalSection(SolutionProperties) = preSolution
		HideSolutionNode = FALSE
	EndGlobalSection
	GlobalSection(ExtensibilityGlobals) = postSolution
		SolutionGuid = {2EE89A12-68F6-4E97-916E-C94A5FA8395A}
	EndGlobalSection
EndGlobal
